
Microsoft Visual Studio Solution File, Format Version 12.00
# Visual Studio Version 17
VisualStudioVersion = 17.0.31903.59
MinimumVisualStudioVersion = 10.0.40219.1
Project("{2150E333-8FDC-42A3-9474-1A3956D46DE8}") = "src", "src", "{94FFF10D-5700-4210-A863-7ACABCF69C33}"
EndProject
Project("{FAE04EC0-301F-11D3-BF4B-00C04F79EFBC}") = "LibraryManager.API", "src\LibraryManager.API\LibraryManager.API.csproj", "{AEA6116D-BF53-4E51-8E1A-A3C385219409}"
EndProject
Global
	GlobalSection(SolutionConfigurationPlatforms) = preSolution
		Debug|Any CPU = Debug|Any CPU
		Release|Any CPU = Release|Any CPU
	EndGlobalSection
	GlobalSection(SolutionProperties) = preSolution
		HideSolutionNode = FALSE
	EndGlobalSection
	GlobalSection(ProjectConfigurationPlatforms) = postSolution
		{AEA6116D-BF53-4E51-8E1A-A3C385219409}.Debug|Any CPU.ActiveCfg = Debug|Any CPU
		{AEA6116D-BF53-4E51-8E1A-A3C385219409}.Debug|Any CPU.Build.0 = Debug|Any CPU
		{AEA6116D-BF53-4E51-8E1A-A3C385219409}.Release|Any CPU.ActiveCfg = Release|Any CPU
		{AEA6116D-BF53-4E51-8E1A-A3C385219409}.Release|Any CPU.Build.0 = Release|Any CPU
	EndGlobalSection
	GlobalSection(NestedProjects) = preSolution
		{AEA6116D-BF53-4E51-8E1A-A3C385219409} = {94FFF10D-5700-4210-A863-7ACABCF69C33}
	EndGlobalSection
EndGlobal
